
Microsoft Visual Studio Solution File, Format Version 12.00
# Visual Studio Version 17
VisualStudioVersion = 17.7.34018.315
MinimumVisualStudioVersion = 10.0.40219.1
Project("{FAE04EC0-301F-11D3-BF4B-00C04F79EFBC}") = "PL", "PL\PL.csproj", "{22675744-4C65-4F7E-BEB2-CA6A55BE0AA4}"
EndProject
Project("{FAE04EC0-301F-11D3-BF4B-00C04F79EFBC}") = "BLL", "BLL\BLL.csproj", "{AE31C3D4-8840-4246-8F6D-3F7879530F3B}"
EndProject
Project("{FAE04EC0-301F-11D3-BF4B-00C04F79EFBC}") = "DAL", "DAL\DAL.csproj", "{2CEB10CA-C64C-452B-A3A8-F73CD643A596}"
EndProject
Global
	GlobalSection(SolutionConfigurationPlatforms) = preSolution
		Debug|Any CPU = Debug|Any CPU
		Release|Any CPU = Release|Any CPU
	EndGlobalSection
	GlobalSection(ProjectConfigurationPlatforms) = postSolution
		{22675744-4C65-4F7E-BEB2-CA6A55BE0AA4}.Debug|Any CPU.ActiveCfg = Debug|Any CPU
		{22675744-4C65-4F7E-BEB2-CA6A55BE0AA4}.Debug|Any CPU.Build.0 = Debug|Any CPU
		{22675744-4C65-4F7E-BEB2-CA6A55BE0AA4}.Release|Any CPU.ActiveCfg = Release|Any CPU
		{22675744-4C65-4F7E-BEB2-CA6A55BE0AA4}.Release|Any CPU.Build.0 = Release|Any CPU
		{AE31C3D4-8840-4246-8F6D-3F7879530F3B}.Debug|Any CPU.ActiveCfg = Debug|Any CPU
		{AE31C3D4-8840-4246-8F6D-3F7879530F3B}.Debug|Any CPU.Build.0 = Debug|Any CPU
		{AE31C3D4-8840-4246-8F6D-3F7879530F3B}.Release|Any CPU.ActiveCfg = Release|Any CPU
		{AE31C3D4-8840-4246-8F6D-3F7879530F3B}.Release|Any CPU.Build.0 = Release|Any CPU
		{2CEB10CA-C64C-452B-A3A8-F73CD643A596}.Debug|Any CPU.ActiveCfg = Debug|Any CPU
		{2CEB10CA-C64C-452B-A3A8-F73CD643A596}.Debug|Any CPU.Build.0 = Debug|Any CPU
		{2CEB10CA-C64C-452B-A3A8-F73CD643A596}.Release|Any CPU.ActiveCfg = Release|Any CPU
		{2CEB10CA-C64C-452B-A3A8-F73CD643A596}.Release|Any CPU.Build.0 = Release|Any CPU
	EndGlobalSection
	GlobalSection(SolutionProperties) = preSolution
		HideSolutionNode = FALSE
	EndGlobalSection
	GlobalSection(ExtensibilityGlobals) = postSolution
		SolutionGuid = {843F90E9-9D16-45D4-A567-DD654720EDF3}
	EndGlobalSection
EndGlobal
